
Microsoft Visual Studio Solution File, Format Version 12.00
# Visual Studio Version 16
VisualStudioVersion = 16.0.29709.97
MinimumVisualStudioVersion = 10.0.40219.1
Project("{FAE04EC0-301F-11D3-BF4B-00C04F79EFBC}") = "CIS657_Paper", "CIS657_Paper\CIS657_Paper.csproj", "{E5EC99E6-4C6E-4A9E-A278-B8E5A6CE7EDB}"
EndProject
Global
	GlobalSection(SolutionConfigurationPlatforms) = preSolution
		Debug|Any CPU = Debug|Any CPU
		Release|Any CPU = Release|Any CPU
	EndGlobalSection
	GlobalSection(ProjectConfigurationPlatforms) = postSolution
		{E5EC99E6-4C6E-4A9E-A278-B8E5A6CE7EDB}.Debug|Any CPU.ActiveCfg = Debug|Any CPU
		{E5EC99E6-4C6E-4A9E-A278-B8E5A6CE7EDB}.Debug|Any CPU.Build.0 = Debug|Any CPU
		{E5EC99E6-4C6E-4A9E-A278-B8E5A6CE7EDB}.Release|Any CPU.ActiveCfg = Release|Any CPU
		{E5EC99E6-4C6E-4A9E-A278-B8E5A6CE7EDB}.Release|Any CPU.Build.0 = Release|Any CPU
	EndGlobalSection
	GlobalSection(SolutionProperties) = preSolution
		HideSolutionNode = FALSE
	EndGlobalSection
	GlobalSection(ExtensibilityGlobals) = postSolution
		SolutionGuid = {13692800-8F2C-4704-AE1E-794FDC145A3B}
	EndGlobalSection
EndGlobal
